// !$*UTF8*$!
{
	archiveVersion = 1;
	classes = {
	};
	objectVersion = 46;
	objects = {

/* Begin PBXBuildFile section */
		7B71C63C1BAFAD1300C96D04 /* AppDelegate.swift in Sources */ = {isa = PBXBuildFile; fileRef = 7B71C63B1BAFAD1300C96D04 /* AppDelegate.swift */; };
		7B71C63E1BAFAD1300C96D04 /* ViewController.swift in Sources */ = {isa = PBXBuildFile; fileRef = 7B71C63D1BAFAD1300C96D04 /* ViewController.swift */; };
		7B71C6411BAFAD1300C96D04 /* Main.storyboard in Resources */ = {isa = PBXBuildFile; fileRef = 7B71C63F1BAFAD1300C96D04 /* Main.storyboard */; };
		7B71C6431BAFAD1300C96D04 /* Assets.xcassets in Resources */ = {isa = PBXBuildFile; fileRef = 7B71C6421BAFAD1300C96D04 /* Assets.xcassets */; };
		7B71C6461BAFAD1300C96D04 /* LaunchScreen.storyboard in Resources */ = {isa = PBXBuildFile; fileRef = 7B71C6441BAFAD1300C96D04 /* LaunchScreen.storyboard */; };
		7BEC7AEF1BAFB59300955B10 /* AppDelegateTests.swift in Sources */ = {isa = PBXBuildFile; fileRef = 7BEC7AEE1BAFB59300955B10 /* AppDelegateTests.swift */; settings = {ASSET_TAGS = (); }; };
		7BEC7AF41BAFB93200955B10 /* AppDelegate.swift in Sources */ = {isa = PBXBuildFile; fileRef = 7B71C63B1BAFAD1300C96D04 /* AppDelegate.swift */; settings = {ASSET_TAGS = (); }; };
/* End PBXBuildFile section */

/* Begin PBXContainerItemProxy section */
		7B71C64D1BAFAD1300C96D04 /* PBXContainerItemProxy */ = {
			isa = PBXContainerItemProxy;
			containerPortal = 7B71C6301BAFAD1300C96D04 /* Project object */;
			proxyType = 1;
			remoteGlobalIDString = 7B71C6371BAFAD1300C96D04;
			remoteInfo = LogMate;
		};
/* End PBXContainerItemProxy section */

/* Begin PBXFileReference section */
		7B71C6381BAFAD1300C96D04 /* LogMate.app */ = {isa = PBXFileReference; explicitFileType = wrapper.application; includeInIndex = 0; path = LogMate.app; sourceTree = BUILT_PRODUCTS_DIR; };
		7B71C63B1BAFAD1300C96D04 /* AppDelegate.swift */ = {isa = PBXFileReference; lastKnownFileType = sourcecode.swift; path = AppDelegate.swift; sourceTree = "<group>"; };
		7B71C63D1BAFAD1300C96D04 /* ViewController.swift */ = {isa = PBXFileReference; lastKnownFileType = sourcecode.swift; path = ViewController.swift; sourceTree = "<group>"; };
		7B71C6401BAFAD1300C96D04 /* Base */ = {isa = PBXFileReference; lastKnownFileType = file.storyboard; name = Base; path = Base.lproj/Main.storyboard; sourceTree = "<group>"; };
		7B71C6421BAFAD1300C96D04 /* Assets.xcassets */ = {isa = PBXFileReference; lastKnownFileType = folder.assetcatalog; path = Assets.xcassets; sourceTree = "<group>"; };
		7B71C6451BAFAD1300C96D04 /* Base */ = {isa = PBXFileReference; lastKnownFileType = file.storyboard; name = Base; path = Base.lproj/LaunchScreen.storyboard; sourceTree = "<group>"; };
		7B71C6471BAFAD1300C96D04 /* Info.plist */ = {isa = PBXFileReference; lastKnownFileType = text.plist.xml; path = Info.plist; sourceTree = "<group>"; };
		7B71C64C1BAFAD1300C96D04 /* LogMateUITests.xctest */ = {isa = PBXFileReference; explicitFileType = wrapper.cfbundle; includeInIndex = 0; path = LogMateUITests.xctest; sourceTree = BUILT_PRODUCTS_DIR; };
		7B71C6521BAFAD1300C96D04 /* Info.plist */ = {isa = PBXFileReference; lastKnownFileType = text.plist.xml; path = Info.plist; sourceTree = "<group>"; };
		7BEC7AEE1BAFB59300955B10 /* AppDelegateTests.swift */ = {isa = PBXFileReference; fileEncoding = 4; lastKnownFileType = sourcecode.swift; path = AppDelegateTests.swift; sourceTree = "<group>"; };
		7BEC7AF01BAFB7D300955B10 /* UIKit.framework */ = {isa = PBXFileReference; lastKnownFileType = wrapper.framework; name = UIKit.framework; path = System/Library/Frameworks/UIKit.framework; sourceTree = SDKROOT; };
/* End PBXFileReference section */

/* Begin PBXFrameworksBuildPhase section */
		7B71C6351BAFAD1300C96D04 /* Frameworks */ = {
			isa = PBXFrameworksBuildPhase;
			buildActionMask = 2147483647;
			files = (
			);
			runOnlyForDeploymentPostprocessing = 0;
		};
		7B71C6491BAFAD1300C96D04 /* Frameworks */ = {
			isa = PBXFrameworksBuildPhase;
			buildActionMask = 2147483647;
			files = (
			);
			runOnlyForDeploymentPostprocessing = 0;
		};
/* End PBXFrameworksBuildPhase section */

/* Begin PBXGroup section */
		7B71C62F1BAFAD1300C96D04 = {
			isa = PBXGroup;
			children = (
				7BEC7AF21BAFB7DF00955B10 /* Frameworks */,
				7B71C63A1BAFAD1300C96D04 /* LogMate */,
				7B71C64F1BAFAD1300C96D04 /* LogMateUITests */,
				7B71C6391BAFAD1300C96D04 /* Products */,
			);
			sourceTree = "<group>";
		};
		7B71C6391BAFAD1300C96D04 /* Products */ = {
			isa = PBXGroup;
			children = (
				7B71C6381BAFAD1300C96D04 /* LogMate.app */,
				7B71C64C1BAFAD1300C96D04 /* LogMateUITests.xctest */,
			);
			name = Products;
			sourceTree = "<group>";
		};
		7B71C63A1BAFAD1300C96D04 /* LogMate */ = {
			isa = PBXGroup;
			children = (
				7B71C63B1BAFAD1300C96D04 /* AppDelegate.swift */,
				7B71C63D1BAFAD1300C96D04 /* ViewController.swift */,
				7B71C63F1BAFAD1300C96D04 /* Main.storyboard */,
				7B71C6421BAFAD1300C96D04 /* Assets.xcassets */,
				7B71C6441BAFAD1300C96D04 /* LaunchScreen.storyboard */,
				7B71C6471BAFAD1300C96D04 /* Info.plist */,
			);
			path = LogMate;
			sourceTree = "<group>";
		};
		7B71C64F1BAFAD1300C96D04 /* LogMateUITests */ = {
			isa = PBXGroup;
			children = (
				7BEC7AEE1BAFB59300955B10 /* AppDelegateTests.swift */,
				7B71C6521BAFAD1300C96D04 /* Info.plist */,
			);
			path = LogMateUITests;
			sourceTree = "<group>";
		};
		7BEC7AF21BAFB7DF00955B10 /* Frameworks */ = {
			isa = PBXGroup;
			children = (
				7BEC7AF01BAFB7D300955B10 /* UIKit.framework */,
			);
			name = Frameworks;
			sourceTree = "<group>";
		};
/* End PBXGroup section */

/* Begin PBXNativeTarget section */
		7B71C6371BAFAD1300C96D04 /* LogMate */ = {
			isa = PBXNativeTarget;
			buildConfigurationList = 7B71C6551BAFAD1300C96D04 /* Build configuration list for PBXNativeTarget "LogMate" */;
			buildPhases = (
				7B71C6341BAFAD1300C96D04 /* Sources */,
				7B71C6351BAFAD1300C96D04 /* Frameworks */,
				7B71C6361BAFAD1300C96D04 /* Resources */,
			);
			buildRules = (
			);
			dependencies = (
			);
			name = LogMate;
			productName = LogMate;
			productReference = 7B71C6381BAFAD1300C96D04 /* LogMate.app */;
			productType = "com.apple.product-type.application";
		};
		7B71C64B1BAFAD1300C96D04 /* LogMateUITests */ = {
			isa = PBXNativeTarget;
			buildConfigurationList = 7B71C6581BAFAD1300C96D04 /* Build configuration list for PBXNativeTarget "LogMateUITests" */;
			buildPhases = (
				7B71C6481BAFAD1300C96D04 /* Sources */,
				7B71C6491BAFAD1300C96D04 /* Frameworks */,
				7B71C64A1BAFAD1300C96D04 /* Resources */,
			);
			buildRules = (
			);
			dependencies = (
				7B71C64E1BAFAD1300C96D04 /* PBXTargetDependency */,
			);
			name = LogMateUITests;
			productName = LogMateUITests;
			productReference = 7B71C64C1BAFAD1300C96D04 /* LogMateUITests.xctest */;
			productType = "com.apple.product-type.bundle.ui-testing";
		};
/* End PBXNativeTarget section */

/* Begin PBXProject section */
		7B71C6301BAFAD1300C96D04 /* Project object */ = {
			isa = PBXProject;
			attributes = {
				LastUpgradeCheck = 0700;
				ORGANIZATIONNAME = "j&m";
				TargetAttributes = {
					7B71C6371BAFAD1300C96D04 = {
						CreatedOnToolsVersion = 7.0;
					};
					7B71C64B1BAFAD1300C96D04 = {
						CreatedOnToolsVersion = 7.0;
						TestTargetID = 7B71C6371BAFAD1300C96D04;
					};
				};
			};
			buildConfigurationList = 7B71C6331BAFAD1300C96D04 /* Build configuration list for PBXProject "LogMate" */;
			compatibilityVersion = "Xcode 3.2";
			developmentRegion = English;
			hasScannedForEncodings = 0;
			knownRegions = (
				en,
				Base,
			);
			mainGroup = 7B71C62F1BAFAD1300C96D04;
			productRefGroup = 7B71C6391BAFAD1300C96D04 /* Products */;
			projectDirPath = "";
			projectRoot = "";
			targets = (
				7B71C6371BAFAD1300C96D04 /* LogMate */,
				7B71C64B1BAFAD1300C96D04 /* LogMateUITests */,
			);
		};
/* End PBXProject section */

/* Begin PBXResourcesBuildPhase section */
		7B71C6361BAFAD1300C96D04 /* Resources */ = {
			isa = PBXResourcesBuildPhase;
			buildActionMask = 2147483647;
			files = (
				7B71C6461BAFAD1300C96D04 /* LaunchScreen.storyboard in Resources */,
				7B71C6431BAFAD1300C96D04 /* Assets.xcassets in Resources */,
				7B71C6411BAFAD1300C96D04 /* Main.storyboard in Resources */,
			);
			runOnlyForDeploymentPostprocessing = 0;
		};
		7B71C64A1BAFAD1300C96D04 /* Resources */ = {
			isa = PBXResourcesBuildPhase;
			buildActionMask = 2147483647;
			files = (
			);
			runOnlyForDeploymentPostprocessing = 0;
		};
/* End PBXResourcesBuildPhase section */

/* Begin PBXSourcesBuildPhase section */
		7B71C6341BAFAD1300C96D04 /* Sources */ = {
			isa = PBXSourcesBuildPhase;
			buildActionMask = 2147483647;
			files = (
				7B71C63E1BAFAD1300C96D04 /* ViewController.swift in Sources */,
				7B71C63C1BAFAD1300C96D04 /* AppDelegate.swift in Sources */,
			);
			runOnlyForDeploymentPostprocessing = 0;
		};
		7B71C6481BAFAD1300C96D04 /* Sources */ = {
			isa = PBXSourcesBuildPhase;
			buildActionMask = 2147483647;
			files = (
				7BEC7AF41BAFB93200955B10 /* AppDelegate.swift in Sources */,
				7BEC7AEF1BAFB59300955B10 /* AppDelegateTests.swift in Sources */,
			);
			runOnlyForDeploymentPostprocessing = 0;
		};
/* End PBXSourcesBuildPhase section */

/* Begin PBXTargetDependency section */
		7B71C64E1BAFAD1300C96D04 /* PBXTargetDependency */ = {
			isa = PBXTargetDependency;
			target = 7B71C6371BAFAD1300C96D04 /* LogMate */;
			targetProxy = 7B71C64D1BAFAD1300C96D04 /* PBXContainerItemProxy */;
		};
/* End PBXTargetDependency section */

/* Begin PBXVariantGroup section */
		7B71C63F1BAFAD1300C96D04 /* Main.storyboard */ = {
			isa = PBXVariantGroup;
			children = (
				7B71C6401BAFAD1300C96D04 /* Base */,
			);
			name = Main.storyboard;
			sourceTree = "<group>";
		};
		7B71C6441BAFAD1300C96D04 /* LaunchScreen.storyboard */ = {
			isa = PBXVariantGroup;
			children = (
				7B71C6451BAFAD1300C96D04 /* Base */,
			);
			name = LaunchScreen.storyboard;
			sourceTree = "<group>";
		};
/* End PBXVariantGroup section */

/* Begin XCBuildConfiguration section */
		7B71C6531BAFAD1300C96D04 /* Debug */ = {
			isa = XCBuildConfiguration;
			buildSettings = {
				ALWAYS_SEARCH_USER_PATHS = NO;
				CLANG_CXX_LANGUAGE_STANDARD = "gnu++0x";
				CLANG_CXX_LIBRARY = "libc++";
				CLANG_ENABLE_MODULES = YES;
				CLANG_ENABLE_OBJC_ARC = YES;
				CLANG_WARN_BOOL_CONVERSION = YES;
				CLANG_WARN_CONSTANT_CONVERSION = YES;
				CLANG_WARN_DIRECT_OBJC_ISA_USAGE = YES_ERROR;
				CLANG_WARN_EMPTY_BODY = YES;
				CLANG_WARN_ENUM_CONVERSION = YES;
				CLANG_WARN_INT_CONVERSION = YES;
				CLANG_WARN_OBJC_ROOT_CLASS = YES_ERROR;
				CLANG_WARN_UNREACHABLE_CODE = YES;
				CLANG_WARN__DUPLICATE_METHOD_MATCH = YES;
				"CODE_SIGN_IDENTITY[sdk=iphoneos*]" = "iPhone Developer";
				COPY_PHASE_STRIP = NO;
				DEBUG_INFORMATION_FORMAT = dwarf;
				ENABLE_STRICT_OBJC_MSGSEND = YES;
				ENABLE_TESTABILITY = YES;
				GCC_C_LANGUAGE_STANDARD = gnu99;
				GCC_DYNAMIC_NO_PIC = NO;
				GCC_NO_COMMON_BLOCKS = YES;
				GCC_OPTIMIZATION_LEVEL = 0;
				GCC_PREPROCESSOR_DEFINITIONS = (
					"DEBUG=1",
					"$(inherited)",
				);
				GCC_WARN_64_TO_32_BIT_CONVERSION = YES;
				GCC_WARN_ABOUT_RETURN_TYPE = YES_ERROR;
				GCC_WARN_UNDECLARED_SELECTOR = YES;
				GCC_WARN_UNINITIALIZED_AUTOS = YES_AGGRESSIVE;
				GCC_WARN_UNUSED_FUNCTION = YES;
				GCC_WARN_UNUSED_VARIABLE = YES;
				IPHONEOS_DEPLOYMENT_TARGET = 9.0;
				MTL_ENABLE_DEBUG_INFO = YES;
				ONLY_ACTIVE_ARCH = YES;
				SDKROOT = iphoneos;
				SWIFT_OPTIMIZATION_LEVEL = "-Onone";
				TARGETED_DEVICE_FAMILY = "1,2";
			};
			name = Debug;
		};
		7B71C6541BAFAD1300C96D04 /* Release */ = {
			isa = XCBuildConfiguration;
			buildSettings = {
				ALWAYS_SEARCH_USER_PATHS = NO;
				CLANG_CXX_LANGUAGE_STANDARD = "gnu++0x";
				CLANG_CXX_LIBRARY = "libc++";
				CLANG_ENABLE_MODULES = YES;
				CLANG_ENABLE_OBJC_ARC = YES;
				CLANG_WARN_BOOL_CONVERSION = YES;
				CLANG_WARN_CONSTANT_CONVERSION = YES;
				CLANG_WARN_DIRECT_OBJC_ISA_USAGE = YES_ERROR;
				CLANG_WARN_EMPTY_BODY = YES;
				CLANG_WARN_ENUM_CONVERSION = YES;
				CLANG_WARN_INT_CONVERSION = YES;
				CLANG_WARN_OBJC_ROOT_CLASS = YES_ERROR;
				CLANG_WARN_UNREACHABLE_CODE = YES;
				CLANG_WARN__DUPLICATE_METHOD_MATCH = YES;
				"CODE_SIGN_IDENTITY[sdk=iphoneos*]" = "iPhone Developer";
				COPY_PHASE_STRIP = NO;
				DEBUG_INFORMATION_FORMAT = "dwarf-with-dsym";
				ENABLE_NS_ASSERTIONS = NO;
				ENABLE_STRICT_OBJC_MSGSEND = YES;
				GCC_C_LANGUAGE_STANDARD = gnu99;
				GCC_NO_COMMON_BLOCKS = YES;
				GCC_WARN_64_TO_32_BIT_CONVERSION = YES;
				GCC_WARN_ABOUT_RETURN_TYPE = YES_ERROR;
				GCC_WARN_UNDECLARED_SELECTOR = YES;
				GCC_WARN_UNINITIALIZED_AUTOS = YES_AGGRESSIVE;
				GCC_WARN_UNUSED_FUNCTION = YES;
				GCC_WARN_UNUSED_VARIABLE = YES;
				IPHONEOS_DEPLOYMENT_TARGET = 9.0;
				MTL_ENABLE_DEBUG_INFO = NO;
				SDKROOT = iphoneos;
				TARGETED_DEVICE_FAMILY = "1,2";
				VALIDATE_PRODUCT = YES;
			};
			name = Release;
		};
		7B71C6561BAFAD1300C96D04 /* Debug */ = {
			isa = XCBuildConfiguration;
			buildSettings = {
				ASSETCATALOG_COMPILER_APPICON_NAME = AppIcon;
				INFOPLIST_FILE = LogMate/Info.plist;
				LD_RUNPATH_SEARCH_PATHS = "$(inherited) @executable_path/Frameworks";
				PRODUCT_BUNDLE_IDENTIFIER = "j-m.LogMate";
				PRODUCT_NAME = "$(TARGET_NAME)";
			};
			name = Debug;
		};
		7B71C6571BAFAD1300C96D04 /* Release */ = {
			isa = XCBuildConfiguration;
			buildSettings = {
				ASSETCATALOG_COMPILER_APPICON_NAME = AppIcon;
				INFOPLIST_FILE = LogMate/Info.plist;
				LD_RUNPATH_SEARCH_PATHS = "$(inherited) @executable_path/Frameworks";
				PRODUCT_BUNDLE_IDENTIFIER = "j-m.LogMate";
				PRODUCT_NAME = "$(TARGET_NAME)";
			};
			name = Release;
		};
		7B71C6591BAFAD1300C96D04 /* Debug */ = {
			isa = XCBuildConfiguration;
			buildSettings = {
				INFOPLIST_FILE = LogMateUITests/Info.plist;
				LD_RUNPATH_SEARCH_PATHS = "$(inherited) @executable_path/Frameworks @loader_path/Frameworks";
				PRODUCT_BUNDLE_IDENTIFIER = "j-m.LogMateUITests";
				PRODUCT_NAME = "$(TARGET_NAME)";
				TEST_TARGET_NAME = LogMate;
				USES_XCTRUNNER = YES;
			};
			name = Debug;
		};
		7B71C65A1BAFAD1300C96D04 /* Release */ = {
			isa = XCBuildConfiguration;
			buildSettings = {
				INFOPLIST_FILE = LogMateUITests/Info.plist;
				LD_RUNPATH_SEARCH_PATHS = "$(inherited) @executable_path/Frameworks @loader_path/Frameworks";
				PRODUCT_BUNDLE_IDENTIFIER = "j-m.LogMateUITests";
				PRODUCT_NAME = "$(TARGET_NAME)";
				TEST_TARGET_NAME = LogMate;
				USES_XCTRUNNER = YES;
			};
			name = Release;
		};
/* End XCBuildConfiguration section */

/* Begin XCConfigurationList section */
		7B71C6331BAFAD1300C96D04 /* Build configuration list for PBXProject "LogMate" */ = {
			isa = XCConfigurationList;
			buildConfigurations = (
				7B71C6531BAFAD1300C96D04 /* Debug */,
				7B71C6541BAFAD1300C96D04 /* Release */,
			);
			defaultConfigurationIsVisible = 0;
			defaultConfigurationName = Release;
		};
		7B71C6551BAFAD1300C96D04 /* Build configuration list for PBXNativeTarget "LogMate" */ = {
			isa = XCConfigurationList;
			buildConfigurations = (
				7B71C6561BAFAD1300C96D04 /* Debug */,
				7B71C6571BAFAD1300C96D04 /* Release */,
			);
			defaultConfigurationIsVisible = 0;
			defaultConfigurationName = Release;
		};
		7B71C6581BAFAD1300C96D04 /* Build configuration list for PBXNativeTarget "LogMateUITests" */ = {
			isa = XCConfigurationList;
			buildConfigurations = (
				7B71C6591BAFAD1300C96D04 /* Debug */,
				7B71C65A1BAFAD1300C96D04 /* Release */,
			);
			defaultConfigurationIsVisible = 0;
			defaultConfigurationName = Release;
		};
/* End XCConfigurationList section */
	};
	rootObject = 7B71C6301BAFAD1300C96D04 /* Project object */;
}
